{
  "meteor": {
    "git": "https://github.com/meteor/meteor.git",
    "branch": "master",
    "commit": "067113a37dd4e7824db1a16d5f7a90c3739eed9c"
  },
  "dependencies": {
    "basePackages": {
      "filepicker": {
        "git": "https://github.com/Filepicker/meteor.git",
        "branch": "master"
      }
    },
    "packages": {
      "filepicker": {
        "git": "https://github.com/Filepicker/meteor.git",
        "branch": "master",
        "commit": "ccff928a82d35d0a8c78f59b2b2dc818bc9f44bf"
      }
    }
  }
}
